
Microsoft Visual Studio Solution File, Format Version 12.00
# Visual Studio 15
VisualStudioVersion = 15.0.27703.2000
MinimumVisualStudioVersion = 10.0.40219.1
Project("{FAE04EC0-301F-11D3-BF4B-00C04F79EFBC}") = "GymWare.API", "GymWare.API\GymWare.API.csproj", "{8D1E074F-774F-4059-ADE8-D01EA83124AA}"
EndProject
Project("{FAE04EC0-301F-11D3-BF4B-00C04F79EFBC}") = "GymWare.DataAccess", "GymWare.DataAccess\GymWare.DataAccess.csproj", "{8951EA34-F286-4A7C-BA20-AF8162D170D6}"
EndProject
Project("{FAE04EC0-301F-11D3-BF4B-00C04F79EFBC}") = "GymWare.Entities", "GymWare.Entities\GymWare.Entities.csproj", "{F6D29E82-D4D7-4BF5-9ED2-6D78D375F67A}"
EndProject
Project("{FAE04EC0-301F-11D3-BF4B-00C04F79EFBC}") = "GymWare.Logic", "GymWare.Logic\GymWare.Logic.csproj", "{96DFF185-BAB5-472C-910A-F5CD7FC35CF6}"
EndProject
Global
	GlobalSection(SolutionConfigurationPlatforms) = preSolution
		Debug|Any CPU = Debug|Any CPU
		Release|Any CPU = Release|Any CPU
	EndGlobalSection
	GlobalSection(ProjectConfigurationPlatforms) = postSolution
		{8D1E074F-774F-4059-ADE8-D01EA83124AA}.Debug|Any CPU.ActiveCfg = Debug|Any CPU
		{8D1E074F-774F-4059-ADE8-D01EA83124AA}.Debug|Any CPU.Build.0 = Debug|Any CPU
		{8D1E074F-774F-4059-ADE8-D01EA83124AA}.Release|Any CPU.ActiveCfg = Release|Any CPU
		{8D1E074F-774F-4059-ADE8-D01EA83124AA}.Release|Any CPU.Build.0 = Release|Any CPU
		{8951EA34-F286-4A7C-BA20-AF8162D170D6}.Debug|Any CPU.ActiveCfg = Debug|Any CPU
		{8951EA34-F286-4A7C-BA20-AF8162D170D6}.Debug|Any CPU.Build.0 = Debug|Any CPU
		{8951EA34-F286-4A7C-BA20-AF8162D170D6}.Release|Any CPU.ActiveCfg = Release|Any CPU
		{8951EA34-F286-4A7C-BA20-AF8162D170D6}.Release|Any CPU.Build.0 = Release|Any CPU
		{F6D29E82-D4D7-4BF5-9ED2-6D78D375F67A}.Debug|Any CPU.ActiveCfg = Debug|Any CPU
		{F6D29E82-D4D7-4BF5-9ED2-6D78D375F67A}.Debug|Any CPU.Build.0 = Debug|Any CPU
		{F6D29E82-D4D7-4BF5-9ED2-6D78D375F67A}.Release|Any CPU.ActiveCfg = Release|Any CPU
		{F6D29E82-D4D7-4BF5-9ED2-6D78D375F67A}.Release|Any CPU.Build.0 = Release|Any CPU
		{96DFF185-BAB5-472C-910A-F5CD7FC35CF6}.Debug|Any CPU.ActiveCfg = Debug|Any CPU
		{96DFF185-BAB5-472C-910A-F5CD7FC35CF6}.Debug|Any CPU.Build.0 = Debug|Any CPU
		{96DFF185-BAB5-472C-910A-F5CD7FC35CF6}.Release|Any CPU.ActiveCfg = Release|Any CPU
		{96DFF185-BAB5-472C-910A-F5CD7FC35CF6}.Release|Any CPU.Build.0 = Release|Any CPU
	EndGlobalSection
	GlobalSection(SolutionProperties) = preSolution
		HideSolutionNode = FALSE
	EndGlobalSection
	GlobalSection(ExtensibilityGlobals) = postSolution
		SolutionGuid = {191C7351-1E62-4E58-9069-46BF8BD87480}
	EndGlobalSection
EndGlobal
